// !$*UTF8*$!
{
	archiveVersion = 1;
	classes = {
	};
	objectVersion = 50;
	objects = {

/* Begin PBXBuildFile section */
		7C18BBF226222654008CE6C0 /* Weather.swift in Sources */ = {isa = PBXBuildFile; fileRef = 7C18BBF126222654008CE6C0 /* Weather.swift */; };
		8C05E3F525E484FA0020AF41 /* Colors.swift in Sources */ = {isa = PBXBuildFile; fileRef = 8C05E3F425E484FA0020AF41 /* Colors.swift */; };
		8C05E41625E5CA730020AF41 /* Extensions.swift in Sources */ = {isa = PBXBuildFile; fileRef = 8C05E41525E5CA730020AF41 /* Extensions.swift */; };
		8C801D27261D3E73001D3D2B /* ArticleOfClothing+CoreDataClass.swift in Sources */ = {isa = PBXBuildFile; fileRef = 8C801D25261D3E73001D3D2B /* ArticleOfClothing+CoreDataClass.swift */; };
		8C801D28261D3E73001D3D2B /* ArticleOfClothing+CoreDataProperties.swift in Sources */ = {isa = PBXBuildFile; fileRef = 8C801D26261D3E73001D3D2B /* ArticleOfClothing+CoreDataProperties.swift */; };
		8C801D30261D3FA8001D3D2B /* Temperature.swift in Sources */ = {isa = PBXBuildFile; fileRef = 8C801D2F261D3FA8001D3D2B /* Temperature.swift */; };
		8C8027D625F7030C00DB16C7 /* FitFinderModel.xcdatamodeld in Sources */ = {isa = PBXBuildFile; fileRef = 8C05E3FA25E5BD660020AF41 /* FitFinderModel.xcdatamodeld */; };
		8C80280625F8640D00DB16C7 /* ImagePickerView.swift in Sources */ = {isa = PBXBuildFile; fileRef = 8C80280525F8640D00DB16C7 /* ImagePickerView.swift */; };
		8C80280E25F8647F00DB16C7 /* Coordinator.swift in Sources */ = {isa = PBXBuildFile; fileRef = 8C80280D25F8647F00DB16C7 /* Coordinator.swift */; };
		8C80286825F8968C00DB16C7 /* PersistenceManager.swift in Sources */ = {isa = PBXBuildFile; fileRef = 8C80286725F8968C00DB16C7 /* PersistenceManager.swift */; };
		8C882C5926224E3F00F4A70F /* Weather.swift in Sources */ = {isa = PBXBuildFile; fileRef = 8C882C5826224E3F00F4A70F /* Weather.swift */; };
		8CC0F52F261787DA00FE876C /* WeatherFeed.swift in Sources */ = {isa = PBXBuildFile; fileRef = 8CC0F52E261787DA00FE876C /* WeatherFeed.swift */; };
		8CC0F534261787E200FE876C /* LocationManager.swift in Sources */ = {isa = PBXBuildFile; fileRef = 8CC0F533261787E200FE876C /* LocationManager.swift */; };
		8CC0F542261B9C4A00FE876C /* TemperatureSegmentedPickerSwiftUIView.swift in Sources */ = {isa = PBXBuildFile; fileRef = 8CC0F541261B9C4A00FE876C /* TemperatureSegmentedPickerSwiftUIView.swift */; };
		8CCD327026073402001F5B64 /* MatchedOutfitSwiftUIView.swift in Sources */ = {isa = PBXBuildFile; fileRef = 8CCD326F26073402001F5B64 /* MatchedOutfitSwiftUIView.swift */; };
		8CD4A8DD260AC63E00E7F518 /* MatchingState.swift in Sources */ = {isa = PBXBuildFile; fileRef = 8CD4A8DC260AC63E00E7F518 /* MatchingState.swift */; };
		8CE4D8F825DB46F1005BF8FA /* FitFinderApp.swift in Sources */ = {isa = PBXBuildFile; fileRef = 8CE4D8F725DB46F1005BF8FA /* FitFinderApp.swift */; };
		8CE4D8FA25DB46F1005BF8FA /* ContentView.swift in Sources */ = {isa = PBXBuildFile; fileRef = 8CE4D8F925DB46F1005BF8FA /* ContentView.swift */; };
		8CE4D8FC25DB46F3005BF8FA /* Assets.xcassets in Resources */ = {isa = PBXBuildFile; fileRef = 8CE4D8FB25DB46F3005BF8FA /* Assets.xcassets */; };
		8CE4D8FF25DB46F3005BF8FA /* Preview Assets.xcassets in Resources */ = {isa = PBXBuildFile; fileRef = 8CE4D8FE25DB46F3005BF8FA /* Preview Assets.xcassets */; };
		8CE4D90A25DB46F3005BF8FA /* FitFinderTests.swift in Sources */ = {isa = PBXBuildFile; fileRef = 8CE4D90925DB46F3005BF8FA /* FitFinderTests.swift */; };
		8CE4D91525DB46F3005BF8FA /* FitFinderUITests.swift in Sources */ = {isa = PBXBuildFile; fileRef = 8CE4D91425DB46F3005BF8FA /* FitFinderUITests.swift */; };
		8CE4D92625DB47B4005BF8FA /* OutfitSubmissionSwiftUIView.swift in Sources */ = {isa = PBXBuildFile; fileRef = 8CE4D92525DB47B4005BF8FA /* OutfitSubmissionSwiftUIView.swift */; };
		8CE4D93725DB48B8005BF8FA /* tshirt3.jpg in Resources */ = {isa = PBXBuildFile; fileRef = 8CE4D92D25DB48B8005BF8FA /* tshirt3.jpg */; };
		8CE4D93825DB48B8005BF8FA /* tshirt2.jpg in Resources */ = {isa = PBXBuildFile; fileRef = 8CE4D92E25DB48B8005BF8FA /* tshirt2.jpg */; };
		8CE4D93925DB48B8005BF8FA /* yellowpants.jpg in Resources */ = {isa = PBXBuildFile; fileRef = 8CE4D92F25DB48B8005BF8FA /* yellowpants.jpg */; };
		8CE4D93A25DB48B8005BF8FA /* summerOutfit.jpg in Resources */ = {isa = PBXBuildFile; fileRef = 8CE4D93025DB48B8005BF8FA /* summerOutfit.jpg */; };
		8CE4D93B25DB48B8005BF8FA /* sweatpants.jpg in Resources */ = {isa = PBXBuildFile; fileRef = 8CE4D93125DB48B8005BF8FA /* sweatpants.jpg */; };
		8CE4D93C25DB48B8005BF8FA /* longsleeve.jpg in Resources */ = {isa = PBXBuildFile; fileRef = 8CE4D93225DB48B8005BF8FA /* longsleeve.jpg */; };
		8CE4D93D25DB48B8005BF8FA /* longsleeve3.jpg in Resources */ = {isa = PBXBuildFile; fileRef = 8CE4D93325DB48B8005BF8FA /* longsleeve3.jpg */; };
		8CE4D93E25DB48B8005BF8FA /* longsleeve2.jpg in Resources */ = {isa = PBXBuildFile; fileRef = 8CE4D93425DB48B8005BF8FA /* longsleeve2.jpg */; };
		8CE4D93F25DB48B8005BF8FA /* tshirt.jpg in Resources */ = {isa = PBXBuildFile; fileRef = 8CE4D93525DB48B8005BF8FA /* tshirt.jpg */; };
		8CE4D94025DB48B8005BF8FA /* pants.jpg in Resources */ = {isa = PBXBuildFile; fileRef = 8CE4D93625DB48B8005BF8FA /* pants.jpg */; };
		8CE4D94525DB4A18005BF8FA /* WardrobeNavigationSwiftUIView.swift in Sources */ = {isa = PBXBuildFile; fileRef = 8CE4D94425DB4A18005BF8FA /* WardrobeNavigationSwiftUIView.swift */; };
		8CE4D94A25DB4C68005BF8FA /* ClothingSubmissionSwiftUIView.swift in Sources */ = {isa = PBXBuildFile; fileRef = 8CE4D94925DB4C68005BF8FA /* ClothingSubmissionSwiftUIView.swift */; };
		8CE60BC625EF2D8000D3E4BD /* Formality.swift in Sources */ = {isa = PBXBuildFile; fileRef = 8CE60BC525EF2D8000D3E4BD /* Formality.swift */; };
		8CE60BCE25EF2DA100D3E4BD /* TypeOfClothing.swift in Sources */ = {isa = PBXBuildFile; fileRef = 8CE60BCD25EF2DA100D3E4BD /* TypeOfClothing.swift */; };
/* End PBXBuildFile section */

/* Begin PBXContainerItemProxy section */
		8CE4D90625DB46F3005BF8FA /* PBXContainerItemProxy */ = {
			isa = PBXContainerItemProxy;
			containerPortal = 8CE4D8EC25DB46F1005BF8FA /* Project object */;
			proxyType = 1;
			remoteGlobalIDString = 8CE4D8F325DB46F1005BF8FA;
			remoteInfo = FitFinder;
		};
		8CE4D91125DB46F3005BF8FA /* PBXContainerItemProxy */ = {
			isa = PBXContainerItemProxy;
			containerPortal = 8CE4D8EC25DB46F1005BF8FA /* Project object */;
			proxyType = 1;
			remoteGlobalIDString = 8CE4D8F325DB46F1005BF8FA;
			remoteInfo = FitFinder;
		};
/* End PBXContainerItemProxy section */

/* Begin PBXFileReference section */
		7C18BBF126222654008CE6C0 /* Weather.swift */ = {isa = PBXFileReference; lastKnownFileType = sourcecode.swift; path = Weather.swift; sourceTree = "<group>"; };
		8C05E3F425E484FA0020AF41 /* Colors.swift */ = {isa = PBXFileReference; lastKnownFileType = sourcecode.swift; path = Colors.swift; sourceTree = "<group>"; };
		8C05E3FB25E5BD660020AF41 /* FitFinderModel.xcdatamodel */ = {isa = PBXFileReference; lastKnownFileType = wrapper.xcdatamodel; path = FitFinderModel.xcdatamodel; sourceTree = "<group>"; };
		8C05E41525E5CA730020AF41 /* Extensions.swift */ = {isa = PBXFileReference; lastKnownFileType = sourcecode.swift; path = Extensions.swift; sourceTree = "<group>"; };
		8C801D25261D3E73001D3D2B /* ArticleOfClothing+CoreDataClass.swift */ = {isa = PBXFileReference; lastKnownFileType = sourcecode.swift; path = "ArticleOfClothing+CoreDataClass.swift"; sourceTree = "<group>"; };
		8C801D26261D3E73001D3D2B /* ArticleOfClothing+CoreDataProperties.swift */ = {isa = PBXFileReference; lastKnownFileType = sourcecode.swift; path = "ArticleOfClothing+CoreDataProperties.swift"; sourceTree = "<group>"; };
		8C801D2F261D3FA8001D3D2B /* Temperature.swift */ = {isa = PBXFileReference; lastKnownFileType = sourcecode.swift; path = Temperature.swift; sourceTree = "<group>"; };
		8C80280525F8640D00DB16C7 /* ImagePickerView.swift */ = {isa = PBXFileReference; lastKnownFileType = sourcecode.swift; path = ImagePickerView.swift; sourceTree = "<group>"; };
		8C80280D25F8647F00DB16C7 /* Coordinator.swift */ = {isa = PBXFileReference; lastKnownFileType = sourcecode.swift; path = Coordinator.swift; sourceTree = "<group>"; };
		8C80286725F8968C00DB16C7 /* PersistenceManager.swift */ = {isa = PBXFileReference; lastKnownFileType = sourcecode.swift; path = PersistenceManager.swift; sourceTree = "<group>"; };
		8C882C5826224E3F00F4A70F /* Weather.swift */ = {isa = PBXFileReference; fileEncoding = 4; lastKnownFileType = sourcecode.swift; path = Weather.swift; sourceTree = "<group>"; };
		8CC0F52E261787DA00FE876C /* WeatherFeed.swift */ = {isa = PBXFileReference; fileEncoding = 4; lastKnownFileType = sourcecode.swift; path = WeatherFeed.swift; sourceTree = "<group>"; };
		8CC0F533261787E200FE876C /* LocationManager.swift */ = {isa = PBXFileReference; fileEncoding = 4; lastKnownFileType = sourcecode.swift; path = LocationManager.swift; sourceTree = "<group>"; };
		8CC0F541261B9C4A00FE876C /* TemperatureSegmentedPickerSwiftUIView.swift */ = {isa = PBXFileReference; lastKnownFileType = sourcecode.swift; path = TemperatureSegmentedPickerSwiftUIView.swift; sourceTree = "<group>"; };
		8CCD326F26073402001F5B64 /* MatchedOutfitSwiftUIView.swift */ = {isa = PBXFileReference; lastKnownFileType = sourcecode.swift; path = MatchedOutfitSwiftUIView.swift; sourceTree = "<group>"; };
		8CD4A8DC260AC63E00E7F518 /* MatchingState.swift */ = {isa = PBXFileReference; lastKnownFileType = sourcecode.swift; path = MatchingState.swift; sourceTree = "<group>"; };
		8CE4D8F425DB46F1005BF8FA /* FitFinder.app */ = {isa = PBXFileReference; explicitFileType = wrapper.application; includeInIndex = 0; path = FitFinder.app; sourceTree = BUILT_PRODUCTS_DIR; };
		8CE4D8F725DB46F1005BF8FA /* FitFinderApp.swift */ = {isa = PBXFileReference; lastKnownFileType = sourcecode.swift; path = FitFinderApp.swift; sourceTree = "<group>"; };
		8CE4D8F925DB46F1005BF8FA /* ContentView.swift */ = {isa = PBXFileReference; lastKnownFileType = sourcecode.swift; path = ContentView.swift; sourceTree = "<group>"; };
		8CE4D8FB25DB46F3005BF8FA /* Assets.xcassets */ = {isa = PBXFileReference; lastKnownFileType = folder.assetcatalog; path = Assets.xcassets; sourceTree = "<group>"; };
		8CE4D8FE25DB46F3005BF8FA /* Preview Assets.xcassets */ = {isa = PBXFileReference; lastKnownFileType = folder.assetcatalog; path = "Preview Assets.xcassets"; sourceTree = "<group>"; };
		8CE4D90025DB46F3005BF8FA /* Info.plist */ = {isa = PBXFileReference; lastKnownFileType = text.plist.xml; path = Info.plist; sourceTree = "<group>"; };
		8CE4D90525DB46F3005BF8FA /* FitFinderTests.xctest */ = {isa = PBXFileReference; explicitFileType = wrapper.cfbundle; includeInIndex = 0; path = FitFinderTests.xctest; sourceTree = BUILT_PRODUCTS_DIR; };
		8CE4D90925DB46F3005BF8FA /* FitFinderTests.swift */ = {isa = PBXFileReference; lastKnownFileType = sourcecode.swift; path = FitFinderTests.swift; sourceTree = "<group>"; };
		8CE4D90B25DB46F3005BF8FA /* Info.plist */ = {isa = PBXFileReference; lastKnownFileType = text.plist.xml; path = Info.plist; sourceTree = "<group>"; };
		8CE4D91025DB46F3005BF8FA /* FitFinderUITests.xctest */ = {isa = PBXFileReference; explicitFileType = wrapper.cfbundle; includeInIndex = 0; path = FitFinderUITests.xctest; sourceTree = BUILT_PRODUCTS_DIR; };
		8CE4D91425DB46F3005BF8FA /* FitFinderUITests.swift */ = {isa = PBXFileReference; lastKnownFileType = sourcecode.swift; path = FitFinderUITests.swift; sourceTree = "<group>"; };
		8CE4D91625DB46F3005BF8FA /* Info.plist */ = {isa = PBXFileReference; lastKnownFileType = text.plist.xml; path = Info.plist; sourceTree = "<group>"; };
		8CE4D92525DB47B4005BF8FA /* OutfitSubmissionSwiftUIView.swift */ = {isa = PBXFileReference; lastKnownFileType = sourcecode.swift; path = OutfitSubmissionSwiftUIView.swift; sourceTree = "<group>"; };
		8CE4D92D25DB48B8005BF8FA /* tshirt3.jpg */ = {isa = PBXFileReference; lastKnownFileType = image.jpeg; path = tshirt3.jpg; sourceTree = "<group>"; };
		8CE4D92E25DB48B8005BF8FA /* tshirt2.jpg */ = {isa = PBXFileReference; lastKnownFileType = image.jpeg; path = tshirt2.jpg; sourceTree = "<group>"; };
		8CE4D92F25DB48B8005BF8FA /* yellowpants.jpg */ = {isa = PBXFileReference; lastKnownFileType = image.jpeg; path = yellowpants.jpg; sourceTree = "<group>"; };
		8CE4D93025DB48B8005BF8FA /* summerOutfit.jpg */ = {isa = PBXFileReference; lastKnownFileType = image.jpeg; path = summerOutfit.jpg; sourceTree = "<group>"; };
		8CE4D93125DB48B8005BF8FA /* sweatpants.jpg */ = {isa = PBXFileReference; lastKnownFileType = image.jpeg; path = sweatpants.jpg; sourceTree = "<group>"; };
		8CE4D93225DB48B8005BF8FA /* longsleeve.jpg */ = {isa = PBXFileReference; lastKnownFileType = image.jpeg; path = longsleeve.jpg; sourceTree = "<group>"; };
		8CE4D93325DB48B8005BF8FA /* longsleeve3.jpg */ = {isa = PBXFileReference; lastKnownFileType = image.jpeg; path = longsleeve3.jpg; sourceTree = "<group>"; };
		8CE4D93425DB48B8005BF8FA /* longsleeve2.jpg */ = {isa = PBXFileReference; lastKnownFileType = image.jpeg; path = longsleeve2.jpg; sourceTree = "<group>"; };
		8CE4D93525DB48B8005BF8FA /* tshirt.jpg */ = {isa = PBXFileReference; lastKnownFileType = image.jpeg; path = tshirt.jpg; sourceTree = "<group>"; };
		8CE4D93625DB48B8005BF8FA /* pants.jpg */ = {isa = PBXFileReference; lastKnownFileType = image.jpeg; path = pants.jpg; sourceTree = "<group>"; };
		8CE4D94425DB4A18005BF8FA /* WardrobeNavigationSwiftUIView.swift */ = {isa = PBXFileReference; lastKnownFileType = sourcecode.swift; path = WardrobeNavigationSwiftUIView.swift; sourceTree = "<group>"; };
		8CE4D94925DB4C68005BF8FA /* ClothingSubmissionSwiftUIView.swift */ = {isa = PBXFileReference; lastKnownFileType = sourcecode.swift; path = ClothingSubmissionSwiftUIView.swift; sourceTree = "<group>"; };
		8CE60BC525EF2D8000D3E4BD /* Formality.swift */ = {isa = PBXFileReference; lastKnownFileType = sourcecode.swift; path = Formality.swift; sourceTree = "<group>"; };
		8CE60BCD25EF2DA100D3E4BD /* TypeOfClothing.swift */ = {isa = PBXFileReference; lastKnownFileType = sourcecode.swift; path = TypeOfClothing.swift; sourceTree = "<group>"; };
/* End PBXFileReference section */

/* Begin PBXFrameworksBuildPhase section */
		8CE4D8F125DB46F1005BF8FA /* Frameworks */ = {
			isa = PBXFrameworksBuildPhase;
			buildActionMask = 2147483647;
			files = (
			);
			runOnlyForDeploymentPostprocessing = 0;
		};
		8CE4D90225DB46F3005BF8FA /* Frameworks */ = {
			isa = PBXFrameworksBuildPhase;
			buildActionMask = 2147483647;
			files = (
			);
			runOnlyForDeploymentPostprocessing = 0;
		};
		8CE4D90D25DB46F3005BF8FA /* Frameworks */ = {
			isa = PBXFrameworksBuildPhase;
			buildActionMask = 2147483647;
			files = (
			);
			runOnlyForDeploymentPostprocessing = 0;
		};
/* End PBXFrameworksBuildPhase section */

/* Begin PBXGroup section */
		8C05E3BE25E449970020AF41 /* OutfitSubmissionPage */ = {
			isa = PBXGroup;
			children = (
				8CE4D92525DB47B4005BF8FA /* OutfitSubmissionSwiftUIView.swift */,
				8CCD326F26073402001F5B64 /* MatchedOutfitSwiftUIView.swift */,
			);
			path = OutfitSubmissionPage;
			sourceTree = "<group>";
		};
		8C05E3BF25E449AE0020AF41 /* WardrobeNavigationPage */ = {
			isa = PBXGroup;
			children = (
				8CE4D94425DB4A18005BF8FA /* WardrobeNavigationSwiftUIView.swift */,
			);
			path = WardrobeNavigationPage;
			sourceTree = "<group>";
		};
		8C05E3C025E449C30020AF41 /* ClothingSubmissionPage */ = {
			isa = PBXGroup;
			children = (
				8CE4D94925DB4C68005BF8FA /* ClothingSubmissionSwiftUIView.swift */,
				8CC0F541261B9C4A00FE876C /* TemperatureSegmentedPickerSwiftUIView.swift */,
			);
			path = ClothingSubmissionPage;
			sourceTree = "<group>";
		};
		8C05E3EB25E480F00020AF41 /* Model */ = {
			isa = PBXGroup;
			children = (
				8C05E40325E5C0050020AF41 /* CoreData */,
				8C05E3F425E484FA0020AF41 /* Colors.swift */,
				8CE60BC525EF2D8000D3E4BD /* Formality.swift */,
				8C801D2F261D3FA8001D3D2B /* Temperature.swift */,
				8C05E41525E5CA730020AF41 /* Extensions.swift */,
				8CE60BCD25EF2DA100D3E4BD /* TypeOfClothing.swift */,
				8C80286725F8968C00DB16C7 /* PersistenceManager.swift */,
				8CD4A8DC260AC63E00E7F518 /* MatchingState.swift */,
				8CC0F52E261787DA00FE876C /* WeatherFeed.swift */,
				8CC0F533261787E200FE876C /* LocationManager.swift */,
				8C882C5826224E3F00F4A70F /* Weather.swift */,
			);
			path = Model;
			sourceTree = "<group>";
		};
		8C05E40325E5C0050020AF41 /* CoreData */ = {
			isa = PBXGroup;
			children = (
				8C801D25261D3E73001D3D2B /* ArticleOfClothing+CoreDataClass.swift */,
				8C801D26261D3E73001D3D2B /* ArticleOfClothing+CoreDataProperties.swift */,
				8C05E3FA25E5BD660020AF41 /* FitFinderModel.xcdatamodeld */,
			);
			path = CoreData;
			sourceTree = "<group>";
		};
		8C80280425F863E500DB16C7 /* View */ = {
			isa = PBXGroup;
			children = (
				8CE4D92A25DB4889005BF8FA /* SwiftUIViews */,
				8C80280525F8640D00DB16C7 /* ImagePickerView.swift */,
				8C80280D25F8647F00DB16C7 /* Coordinator.swift */,
			);
			path = View;
			sourceTree = "<group>";
		};
		8CE4D8EB25DB46F1005BF8FA = {
			isa = PBXGroup;
			children = (
				8CE4D8F625DB46F1005BF8FA /* FitFinder */,
				8CE4D90825DB46F3005BF8FA /* FitFinderTests */,
				8CE4D91325DB46F3005BF8FA /* FitFinderUITests */,
				8CE4D8F525DB46F1005BF8FA /* Products */,
			);
			sourceTree = "<group>";
		};
		8CE4D8F525DB46F1005BF8FA /* Products */ = {
			isa = PBXGroup;
			children = (
				8CE4D8F425DB46F1005BF8FA /* FitFinder.app */,
				8CE4D90525DB46F3005BF8FA /* FitFinderTests.xctest */,
				8CE4D91025DB46F3005BF8FA /* FitFinderUITests.xctest */,
			);
			name = Products;
			sourceTree = "<group>";
		};
		8CE4D8F625DB46F1005BF8FA /* FitFinder */ = {
			isa = PBXGroup;
			children = (
				8C80280425F863E500DB16C7 /* View */,
				8C05E3EB25E480F00020AF41 /* Model */,
				8CE4D92B25DB489B005BF8FA /* PlaceHolderAssets */,
				8CE4D8F725DB46F1005BF8FA /* FitFinderApp.swift */,
				8CE4D8F925DB46F1005BF8FA /* ContentView.swift */,
				8CE4D8FB25DB46F3005BF8FA /* Assets.xcassets */,
				8CE4D90025DB46F3005BF8FA /* Info.plist */,
				8CE4D8FD25DB46F3005BF8FA /* Preview Content */,
			);
			path = FitFinder;
			sourceTree = "<group>";
		};
		8CE4D8FD25DB46F3005BF8FA /* Preview Content */ = {
			isa = PBXGroup;
			children = (
				8CE4D8FE25DB46F3005BF8FA /* Preview Assets.xcassets */,
			);
			path = "Preview Content";
			sourceTree = "<group>";
		};
		8CE4D90825DB46F3005BF8FA /* FitFinderTests */ = {
			isa = PBXGroup;
			children = (
				8CE4D90925DB46F3005BF8FA /* FitFinderTests.swift */,
				8CE4D90B25DB46F3005BF8FA /* Info.plist */,
			);
			path = FitFinderTests;
			sourceTree = "<group>";
		};
		8CE4D91325DB46F3005BF8FA /* FitFinderUITests */ = {
			isa = PBXGroup;
			children = (
				8CE4D91425DB46F3005BF8FA /* FitFinderUITests.swift */,
				8CE4D91625DB46F3005BF8FA /* Info.plist */,
			);
			path = FitFinderUITests;
			sourceTree = "<group>";
		};
		8CE4D92A25DB4889005BF8FA /* SwiftUIViews */ = {
			isa = PBXGroup;
			children = (
				8C05E3C025E449C30020AF41 /* ClothingSubmissionPage */,
				8C05E3BF25E449AE0020AF41 /* WardrobeNavigationPage */,
				8C05E3BE25E449970020AF41 /* OutfitSubmissionPage */,
			);
			path = SwiftUIViews;
			sourceTree = "<group>";
		};
		8CE4D92B25DB489B005BF8FA /* PlaceHolderAssets */ = {
			isa = PBXGroup;
			children = (
				8CE4D92C25DB48B8005BF8FA /* Outfit Pictures */,
			);
			path = PlaceHolderAssets;
			sourceTree = "<group>";
		};
		8CE4D92C25DB48B8005BF8FA /* Outfit Pictures */ = {
			isa = PBXGroup;
			children = (
				8CE4D92D25DB48B8005BF8FA /* tshirt3.jpg */,
				8CE4D92E25DB48B8005BF8FA /* tshirt2.jpg */,
				8CE4D92F25DB48B8005BF8FA /* yellowpants.jpg */,
				8CE4D93025DB48B8005BF8FA /* summerOutfit.jpg */,
				8CE4D93125DB48B8005BF8FA /* sweatpants.jpg */,
				8CE4D93225DB48B8005BF8FA /* longsleeve.jpg */,
				8CE4D93325DB48B8005BF8FA /* longsleeve3.jpg */,
				8CE4D93425DB48B8005BF8FA /* longsleeve2.jpg */,
				8CE4D93525DB48B8005BF8FA /* tshirt.jpg */,
				8CE4D93625DB48B8005BF8FA /* pants.jpg */,
			);
			path = "Outfit Pictures";
			sourceTree = "<group>";
		};
/* End PBXGroup section */

/* Begin PBXNativeTarget section */
		8CE4D8F325DB46F1005BF8FA /* FitFinder */ = {
			isa = PBXNativeTarget;
			buildConfigurationList = 8CE4D91925DB46F3005BF8FA /* Build configuration list for PBXNativeTarget "FitFinder" */;
			buildPhases = (
				8CE4D8F025DB46F1005BF8FA /* Sources */,
				8CE4D8F125DB46F1005BF8FA /* Frameworks */,
				8CE4D8F225DB46F1005BF8FA /* Resources */,
			);
			buildRules = (
			);
			dependencies = (
			);
			name = FitFinder;
			productName = FitFinder;
			productReference = 8CE4D8F425DB46F1005BF8FA /* FitFinder.app */;
			productType = "com.apple.product-type.application";
		};
		8CE4D90425DB46F3005BF8FA /* FitFinderTests */ = {
			isa = PBXNativeTarget;
			buildConfigurationList = 8CE4D91C25DB46F3005BF8FA /* Build configuration list for PBXNativeTarget "FitFinderTests" */;
			buildPhases = (
				8CE4D90125DB46F3005BF8FA /* Sources */,
				8CE4D90225DB46F3005BF8FA /* Frameworks */,
				8CE4D90325DB46F3005BF8FA /* Resources */,
			);
			buildRules = (
			);
			dependencies = (
				8CE4D90725DB46F3005BF8FA /* PBXTargetDependency */,
			);
			name = FitFinderTests;
			productName = FitFinderTests;
			productReference = 8CE4D90525DB46F3005BF8FA /* FitFinderTests.xctest */;
			productType = "com.apple.product-type.bundle.unit-test";
		};
		8CE4D90F25DB46F3005BF8FA /* FitFinderUITests */ = {
			isa = PBXNativeTarget;
			buildConfigurationList = 8CE4D91F25DB46F3005BF8FA /* Build configuration list for PBXNativeTarget "FitFinderUITests" */;
			buildPhases = (
				8CE4D90C25DB46F3005BF8FA /* Sources */,
				8CE4D90D25DB46F3005BF8FA /* Frameworks */,
				8CE4D90E25DB46F3005BF8FA /* Resources */,
			);
			buildRules = (
			);
			dependencies = (
				8CE4D91225DB46F3005BF8FA /* PBXTargetDependency */,
			);
			name = FitFinderUITests;
			productName = FitFinderUITests;
			productReference = 8CE4D91025DB46F3005BF8FA /* FitFinderUITests.xctest */;
			productType = "com.apple.product-type.bundle.ui-testing";
		};
/* End PBXNativeTarget section */

/* Begin PBXProject section */
		8CE4D8EC25DB46F1005BF8FA /* Project object */ = {
			isa = PBXProject;
			attributes = {
				LastSwiftUpdateCheck = 1240;
				LastUpgradeCheck = 1240;
				TargetAttributes = {
					8CE4D8F325DB46F1005BF8FA = {
						CreatedOnToolsVersion = 12.4;
					};
					8CE4D90425DB46F3005BF8FA = {
						CreatedOnToolsVersion = 12.4;
						TestTargetID = 8CE4D8F325DB46F1005BF8FA;
					};
					8CE4D90F25DB46F3005BF8FA = {
						CreatedOnToolsVersion = 12.4;
						TestTargetID = 8CE4D8F325DB46F1005BF8FA;
					};
				};
			};
			buildConfigurationList = 8CE4D8EF25DB46F1005BF8FA /* Build configuration list for PBXProject "FitFinder" */;
			compatibilityVersion = "Xcode 9.3";
			developmentRegion = en;
			hasScannedForEncodings = 0;
			knownRegions = (
				en,
				Base,
			);
			mainGroup = 8CE4D8EB25DB46F1005BF8FA;
			productRefGroup = 8CE4D8F525DB46F1005BF8FA /* Products */;
			projectDirPath = "";
			projectRoot = "";
			targets = (
				8CE4D8F325DB46F1005BF8FA /* FitFinder */,
				8CE4D90425DB46F3005BF8FA /* FitFinderTests */,
				8CE4D90F25DB46F3005BF8FA /* FitFinderUITests */,
			);
		};
/* End PBXProject section */

/* Begin PBXResourcesBuildPhase section */
		8CE4D8F225DB46F1005BF8FA /* Resources */ = {
			isa = PBXResourcesBuildPhase;
			buildActionMask = 2147483647;
			files = (
				8CE4D93725DB48B8005BF8FA /* tshirt3.jpg in Resources */,
				8CE4D93C25DB48B8005BF8FA /* longsleeve.jpg in Resources */,
				8CE4D94025DB48B8005BF8FA /* pants.jpg in Resources */,
				8CE4D8FF25DB46F3005BF8FA /* Preview Assets.xcassets in Resources */,
				8CE4D93825DB48B8005BF8FA /* tshirt2.jpg in Resources */,
				8CE4D93A25DB48B8005BF8FA /* summerOutfit.jpg in Resources */,
				8CE4D93D25DB48B8005BF8FA /* longsleeve3.jpg in Resources */,
				8CE4D93E25DB48B8005BF8FA /* longsleeve2.jpg in Resources */,
				8CE4D93B25DB48B8005BF8FA /* sweatpants.jpg in Resources */,
				8CE4D8FC25DB46F3005BF8FA /* Assets.xcassets in Resources */,
				8CE4D93925DB48B8005BF8FA /* yellowpants.jpg in Resources */,
				8CE4D93F25DB48B8005BF8FA /* tshirt.jpg in Resources */,
			);
			runOnlyForDeploymentPostprocessing = 0;
		};
		8CE4D90325DB46F3005BF8FA /* Resources */ = {
			isa = PBXResourcesBuildPhase;
			buildActionMask = 2147483647;
			files = (
			);
			runOnlyForDeploymentPostprocessing = 0;
		};
		8CE4D90E25DB46F3005BF8FA /* Resources */ = {
			isa = PBXResourcesBuildPhase;
			buildActionMask = 2147483647;
			files = (
			);
			runOnlyForDeploymentPostprocessing = 0;
		};
/* End PBXResourcesBuildPhase section */

/* Begin PBXSourcesBuildPhase section */
		8CE4D8F025DB46F1005BF8FA /* Sources */ = {
			isa = PBXSourcesBuildPhase;
			buildActionMask = 2147483647;
			files = (
				8CCD327026073402001F5B64 /* MatchedOutfitSwiftUIView.swift in Sources */,
				8C801D28261D3E73001D3D2B /* ArticleOfClothing+CoreDataProperties.swift in Sources */,
				8C05E3F525E484FA0020AF41 /* Colors.swift in Sources */,
				8C80280E25F8647F00DB16C7 /* Coordinator.swift in Sources */,
				8CE60BCE25EF2DA100D3E4BD /* TypeOfClothing.swift in Sources */,
				8C801D30261D3FA8001D3D2B /* Temperature.swift in Sources */,
				8CE4D8FA25DB46F1005BF8FA /* ContentView.swift in Sources */,
				8C80280625F8640D00DB16C7 /* ImagePickerView.swift in Sources */,
				8CE4D94A25DB4C68005BF8FA /* ClothingSubmissionSwiftUIView.swift in Sources */,
				8C80286825F8968C00DB16C7 /* PersistenceManager.swift in Sources */,
				8C801D27261D3E73001D3D2B /* ArticleOfClothing+CoreDataClass.swift in Sources */,
				8CC0F542261B9C4A00FE876C /* TemperatureSegmentedPickerSwiftUIView.swift in Sources */,
				8CC0F52F261787DA00FE876C /* WeatherFeed.swift in Sources */,
				8C05E41625E5CA730020AF41 /* Extensions.swift in Sources */,
				8C882C5926224E3F00F4A70F /* Weather.swift in Sources */,
				8C8027D625F7030C00DB16C7 /* FitFinderModel.xcdatamodeld in Sources */,
				8CE60BC625EF2D8000D3E4BD /* Formality.swift in Sources */,
				8CE4D8F825DB46F1005BF8FA /* FitFinderApp.swift in Sources */,
				8CD4A8DD260AC63E00E7F518 /* MatchingState.swift in Sources */,
				8CE4D94525DB4A18005BF8FA /* WardrobeNavigationSwiftUIView.swift in Sources */,
				8CC0F534261787E200FE876C /* LocationManager.swift in Sources */,
				8CE4D92625DB47B4005BF8FA /* OutfitSubmissionSwiftUIView.swift in Sources */,
			);
			runOnlyForDeploymentPostprocessing = 0;
		};
		8CE4D90125DB46F3005BF8FA /* Sources */ = {
			isa = PBXSourcesBuildPhase;
			buildActionMask = 2147483647;
			files = (
				8CE4D90A25DB46F3005BF8FA /* FitFinderTests.swift in Sources */,
			);
			runOnlyForDeploymentPostprocessing = 0;
		};
		8CE4D90C25DB46F3005BF8FA /* Sources */ = {
			isa = PBXSourcesBuildPhase;
			buildActionMask = 2147483647;
			files = (
				8CE4D91525DB46F3005BF8FA /* FitFinderUITests.swift in Sources */,
			);
			runOnlyForDeploymentPostprocessing = 0;
		};
/* End PBXSourcesBuildPhase section */

/* Begin PBXTargetDependency section */
		8CE4D90725DB46F3005BF8FA /* PBXTargetDependency */ = {
			isa = PBXTargetDependency;
			target = 8CE4D8F325DB46F1005BF8FA /* FitFinder */;
			targetProxy = 8CE4D90625DB46F3005BF8FA /* PBXContainerItemProxy */;
		};
		8CE4D91225DB46F3005BF8FA /* PBXTargetDependency */ = {
			isa = PBXTargetDependency;
			target = 8CE4D8F325DB46F1005BF8FA /* FitFinder */;
			targetProxy = 8CE4D91125DB46F3005BF8FA /* PBXContainerItemProxy */;
		};
/* End PBXTargetDependency section */

/* Begin XCBuildConfiguration section */
		8CE4D91725DB46F3005BF8FA /* Debug */ = {
			isa = XCBuildConfiguration;
			buildSettings = {
				ALWAYS_SEARCH_USER_PATHS = NO;
				CLANG_ANALYZER_NONNULL = YES;
				CLANG_ANALYZER_NUMBER_OBJECT_CONVERSION = YES_AGGRESSIVE;
				CLANG_CXX_LANGUAGE_STANDARD = "gnu++14";
				CLANG_CXX_LIBRARY = "libc++";
				CLANG_ENABLE_MODULES = YES;
				CLANG_ENABLE_OBJC_ARC = YES;
				CLANG_ENABLE_OBJC_WEAK = YES;
				CLANG_WARN_BLOCK_CAPTURE_AUTORELEASING = YES;
				CLANG_WARN_BOOL_CONVERSION = YES;
				CLANG_WARN_COMMA = YES;
				CLANG_WARN_CONSTANT_CONVERSION = YES;
				CLANG_WARN_DEPRECATED_OBJC_IMPLEMENTATIONS = YES;
				CLANG_WARN_DIRECT_OBJC_ISA_USAGE = YES_ERROR;
				CLANG_WARN_DOCUMENTATION_COMMENTS = YES;
				CLANG_WARN_EMPTY_BODY = YES;
				CLANG_WARN_ENUM_CONVERSION = YES;
				CLANG_WARN_INFINITE_RECURSION = YES;
				CLANG_WARN_INT_CONVERSION = YES;
				CLANG_WARN_NON_LITERAL_NULL_CONVERSION = YES;
				CLANG_WARN_OBJC_IMPLICIT_RETAIN_SELF = YES;
				CLANG_WARN_OBJC_LITERAL_CONVERSION = YES;
				CLANG_WARN_OBJC_ROOT_CLASS = YES_ERROR;
				CLANG_WARN_QUOTED_INCLUDE_IN_FRAMEWORK_HEADER = YES;
				CLANG_WARN_RANGE_LOOP_ANALYSIS = YES;
				CLANG_WARN_STRICT_PROTOTYPES = YES;
				CLANG_WARN_SUSPICIOUS_MOVE = YES;
				CLANG_WARN_UNGUARDED_AVAILABILITY = YES_AGGRESSIVE;
				CLANG_WARN_UNREACHABLE_CODE = YES;
				CLANG_WARN__DUPLICATE_METHOD_MATCH = YES;
				COPY_PHASE_STRIP = NO;
				DEBUG_INFORMATION_FORMAT = dwarf;
				ENABLE_STRICT_OBJC_MSGSEND = YES;
				ENABLE_TESTABILITY = YES;
				GCC_C_LANGUAGE_STANDARD = gnu11;
				GCC_DYNAMIC_NO_PIC = NO;
				GCC_NO_COMMON_BLOCKS = YES;
				GCC_OPTIMIZATION_LEVEL = 0;
				GCC_PREPROCESSOR_DEFINITIONS = (
					"DEBUG=1",
					"$(inherited)",
				);
				GCC_WARN_64_TO_32_BIT_CONVERSION = YES;
				GCC_WARN_ABOUT_RETURN_TYPE = YES_ERROR;
				GCC_WARN_UNDECLARED_SELECTOR = YES;
				GCC_WARN_UNINITIALIZED_AUTOS = YES_AGGRESSIVE;
				GCC_WARN_UNUSED_FUNCTION = YES;
				GCC_WARN_UNUSED_VARIABLE = YES;
				IPHONEOS_DEPLOYMENT_TARGET = 14.4;
				MTL_ENABLE_DEBUG_INFO = INCLUDE_SOURCE;
				MTL_FAST_MATH = YES;
				ONLY_ACTIVE_ARCH = YES;
				SDKROOT = iphoneos;
				SWIFT_ACTIVE_COMPILATION_CONDITIONS = DEBUG;
				SWIFT_OPTIMIZATION_LEVEL = "-Onone";
			};
			name = Debug;
		};
		8CE4D91825DB46F3005BF8FA /* Release */ = {
			isa = XCBuildConfiguration;
			buildSettings = {
				ALWAYS_SEARCH_USER_PATHS = NO;
				CLANG_ANALYZER_NONNULL = YES;
				CLANG_ANALYZER_NUMBER_OBJECT_CONVERSION = YES_AGGRESSIVE;
				CLANG_CXX_LANGUAGE_STANDARD = "gnu++14";
				CLANG_CXX_LIBRARY = "libc++";
				CLANG_ENABLE_MODULES = YES;
				CLANG_ENABLE_OBJC_ARC = YES;
				CLANG_ENABLE_OBJC_WEAK = YES;
				CLANG_WARN_BLOCK_CAPTURE_AUTORELEASING = YES;
				CLANG_WARN_BOOL_CONVERSION = YES;
				CLANG_WARN_COMMA = YES;
				CLANG_WARN_CONSTANT_CONVERSION = YES;
				CLANG_WARN_DEPRECATED_OBJC_IMPLEMENTATIONS = YES;
				CLANG_WARN_DIRECT_OBJC_ISA_USAGE = YES_ERROR;
				CLANG_WARN_DOCUMENTATION_COMMENTS = YES;
				CLANG_WARN_EMPTY_BODY = YES;
				CLANG_WARN_ENUM_CONVERSION = YES;
				CLANG_WARN_INFINITE_RECURSION = YES;
				CLANG_WARN_INT_CONVERSION = YES;
				CLANG_WARN_NON_LITERAL_NULL_CONVERSION = YES;
				CLANG_WARN_OBJC_IMPLICIT_RETAIN_SELF = YES;
				CLANG_WARN_OBJC_LITERAL_CONVERSION = YES;
				CLANG_WARN_OBJC_ROOT_CLASS = YES_ERROR;
				CLANG_WARN_QUOTED_INCLUDE_IN_FRAMEWORK_HEADER = YES;
				CLANG_WARN_RANGE_LOOP_ANALYSIS = YES;
				CLANG_WARN_STRICT_PROTOTYPES = YES;
				CLANG_WARN_SUSPICIOUS_MOVE = YES;
				CLANG_WARN_UNGUARDED_AVAILABILITY = YES_AGGRESSIVE;
				CLANG_WARN_UNREACHABLE_CODE = YES;
				CLANG_WARN__DUPLICATE_METHOD_MATCH = YES;
				COPY_PHASE_STRIP = NO;
				DEBUG_INFORMATION_FORMAT = "dwarf-with-dsym";
				ENABLE_NS_ASSERTIONS = NO;
				ENABLE_STRICT_OBJC_MSGSEND = YES;
				GCC_C_LANGUAGE_STANDARD = gnu11;
				GCC_NO_COMMON_BLOCKS = YES;
				GCC_WARN_64_TO_32_BIT_CONVERSION = YES;
				GCC_WARN_ABOUT_RETURN_TYPE = YES_ERROR;
				GCC_WARN_UNDECLARED_SELECTOR = YES;
				GCC_WARN_UNINITIALIZED_AUTOS = YES_AGGRESSIVE;
				GCC_WARN_UNUSED_FUNCTION = YES;
				GCC_WARN_UNUSED_VARIABLE = YES;
				IPHONEOS_DEPLOYMENT_TARGET = 14.4;
				MTL_ENABLE_DEBUG_INFO = NO;
				MTL_FAST_MATH = YES;
				SDKROOT = iphoneos;
				SWIFT_COMPILATION_MODE = wholemodule;
				SWIFT_OPTIMIZATION_LEVEL = "-O";
				VALIDATE_PRODUCT = YES;
			};
			name = Release;
		};
		8CE4D91A25DB46F3005BF8FA /* Debug */ = {
			isa = XCBuildConfiguration;
			buildSettings = {
				ASSETCATALOG_COMPILER_APPICON_NAME = AppIcon;
				ASSETCATALOG_COMPILER_GLOBAL_ACCENT_COLOR_NAME = AccentColor;
				CODE_SIGN_STYLE = Automatic;
				DEVELOPMENT_ASSET_PATHS = "\"FitFinder/Preview Content\"";
				DEVELOPMENT_TEAM = 9JR957CP9R;
				ENABLE_PREVIEWS = YES;
				INFOPLIST_FILE = FitFinder/Info.plist;
				IPHONEOS_DEPLOYMENT_TARGET = 14.0;
				LD_RUNPATH_SEARCH_PATHS = (
					"$(inherited)",
					"@executable_path/Frameworks",
				);
				PRODUCT_BUNDLE_IDENTIFIER = com.noahfrew.FitFinder;
				PRODUCT_NAME = "$(TARGET_NAME)";
				SWIFT_VERSION = 5.0;
				TARGETED_DEVICE_FAMILY = 1;
			};
			name = Debug;
		};
		8CE4D91B25DB46F3005BF8FA /* Release */ = {
			isa = XCBuildConfiguration;
			buildSettings = {
				ASSETCATALOG_COMPILER_APPICON_NAME = AppIcon;
				ASSETCATALOG_COMPILER_GLOBAL_ACCENT_COLOR_NAME = AccentColor;
				CODE_SIGN_STYLE = Automatic;
				DEVELOPMENT_ASSET_PATHS = "\"FitFinder/Preview Content\"";
				DEVELOPMENT_TEAM = 9JR957CP9R;
				ENABLE_PREVIEWS = YES;
				INFOPLIST_FILE = FitFinder/Info.plist;
				IPHONEOS_DEPLOYMENT_TARGET = 14.0;
				LD_RUNPATH_SEARCH_PATHS = (
					"$(inherited)",
					"@executable_path/Frameworks",
				);
				PRODUCT_BUNDLE_IDENTIFIER = com.noahfrew.FitFinder;
				PRODUCT_NAME = "$(TARGET_NAME)";
				SWIFT_VERSION = 5.0;
				TARGETED_DEVICE_FAMILY = 1;
			};
			name = Release;
		};
		8CE4D91D25DB46F3005BF8FA /* Debug */ = {
			isa = XCBuildConfiguration;
			buildSettings = {
				ALWAYS_EMBED_SWIFT_STANDARD_LIBRARIES = YES;
				BUNDLE_LOADER = "$(TEST_HOST)";
				CODE_SIGN_STYLE = Automatic;
				DEVELOPMENT_TEAM = 9JR957CP9R;
				INFOPLIST_FILE = FitFinderTests/Info.plist;
				IPHONEOS_DEPLOYMENT_TARGET = 14.0;
				LD_RUNPATH_SEARCH_PATHS = (
					"$(inherited)",
					"@executable_path/Frameworks",
					"@loader_path/Frameworks",
				);
				PRODUCT_BUNDLE_IDENTIFIER = com.noahfrew.FitFinderTests;
				PRODUCT_NAME = "$(TARGET_NAME)";
				SWIFT_VERSION = 5.0;
				TARGETED_DEVICE_FAMILY = 1;
				TEST_HOST = "$(BUILT_PRODUCTS_DIR)/FitFinder.app/FitFinder";
			};
			name = Debug;
		};
		8CE4D91E25DB46F3005BF8FA /* Release */ = {
			isa = XCBuildConfiguration;
			buildSettings = {
				ALWAYS_EMBED_SWIFT_STANDARD_LIBRARIES = YES;
				BUNDLE_LOADER = "$(TEST_HOST)";
				CODE_SIGN_STYLE = Automatic;
				DEVELOPMENT_TEAM = 9JR957CP9R;
				INFOPLIST_FILE = FitFinderTests/Info.plist;
				IPHONEOS_DEPLOYMENT_TARGET = 14.0;
				LD_RUNPATH_SEARCH_PATHS = (
					"$(inherited)",
					"@executable_path/Frameworks",
					"@loader_path/Frameworks",
				);
				PRODUCT_BUNDLE_IDENTIFIER = com.noahfrew.FitFinderTests;
				PRODUCT_NAME = "$(TARGET_NAME)";
				SWIFT_VERSION = 5.0;
				TARGETED_DEVICE_FAMILY = 1;
				TEST_HOST = "$(BUILT_PRODUCTS_DIR)/FitFinder.app/FitFinder";
			};
			name = Release;
		};
		8CE4D92025DB46F3005BF8FA /* Debug */ = {
			isa = XCBuildConfiguration;
			buildSettings = {
				ALWAYS_EMBED_SWIFT_STANDARD_LIBRARIES = YES;
				CODE_SIGN_STYLE = Automatic;
				DEVELOPMENT_TEAM = 9JR957CP9R;
				INFOPLIST_FILE = FitFinderUITests/Info.plist;
				LD_RUNPATH_SEARCH_PATHS = (
					"$(inherited)",
					"@executable_path/Frameworks",
					"@loader_path/Frameworks",
				);
				PRODUCT_BUNDLE_IDENTIFIER = com.noahfrew.FitFinderUITests;
				PRODUCT_NAME = "$(TARGET_NAME)";
				SWIFT_VERSION = 5.0;
				TARGETED_DEVICE_FAMILY = 1;
				TEST_TARGET_NAME = FitFinder;
			};
			name = Debug;
		};
		8CE4D92125DB46F3005BF8FA /* Release */ = {
			isa = XCBuildConfiguration;
			buildSettings = {
				ALWAYS_EMBED_SWIFT_STANDARD_LIBRARIES = YES;
				CODE_SIGN_STYLE = Automatic;
				DEVELOPMENT_TEAM = 9JR957CP9R;
				INFOPLIST_FILE = FitFinderUITests/Info.plist;
				LD_RUNPATH_SEARCH_PATHS = (
					"$(inherited)",
					"@executable_path/Frameworks",
					"@loader_path/Frameworks",
				);
				PRODUCT_BUNDLE_IDENTIFIER = com.noahfrew.FitFinderUITests;
				PRODUCT_NAME = "$(TARGET_NAME)";
				SWIFT_VERSION = 5.0;
				TARGETED_DEVICE_FAMILY = 1;
				TEST_TARGET_NAME = FitFinder;
			};
			name = Release;
		};
/* End XCBuildConfiguration section */

/* Begin XCConfigurationList section */
		8CE4D8EF25DB46F1005BF8FA /* Build configuration list for PBXProject "FitFinder" */ = {
			isa = XCConfigurationList;
			buildConfigurations = (
				8CE4D91725DB46F3005BF8FA /* Debug */,
				8CE4D91825DB46F3005BF8FA /* Release */,
			);
			defaultConfigurationIsVisible = 0;
			defaultConfigurationName = Release;
		};
		8CE4D91925DB46F3005BF8FA /* Build configuration list for PBXNativeTarget "FitFinder" */ = {
			isa = XCConfigurationList;
			buildConfigurations = (
				8CE4D91A25DB46F3005BF8FA /* Debug */,
				8CE4D91B25DB46F3005BF8FA /* Release */,
			);
			defaultConfigurationIsVisible = 0;
			defaultConfigurationName = Release;
		};
		8CE4D91C25DB46F3005BF8FA /* Build configuration list for PBXNativeTarget "FitFinderTests" */ = {
			isa = XCConfigurationList;
			buildConfigurations = (
				8CE4D91D25DB46F3005BF8FA /* Debug */,
				8CE4D91E25DB46F3005BF8FA /* Release */,
			);
			defaultConfigurationIsVisible = 0;
			defaultConfigurationName = Release;
		};
		8CE4D91F25DB46F3005BF8FA /* Build configuration list for PBXNativeTarget "FitFinderUITests" */ = {
			isa = XCConfigurationList;
			buildConfigurations = (
				8CE4D92025DB46F3005BF8FA /* Debug */,
				8CE4D92125DB46F3005BF8FA /* Release */,
			);
			defaultConfigurationIsVisible = 0;
			defaultConfigurationName = Release;
		};
/* End XCConfigurationList section */

/* Begin XCVersionGroup section */
		8C05E3FA25E5BD660020AF41 /* FitFinderModel.xcdatamodeld */ = {
			isa = XCVersionGroup;
			children = (
				8C05E3FB25E5BD660020AF41 /* FitFinderModel.xcdatamodel */,
			);
			currentVersion = 8C05E3FB25E5BD660020AF41 /* FitFinderModel.xcdatamodel */;
			path = FitFinderModel.xcdatamodeld;
			sourceTree = "<group>";
			versionGroupType = wrapper.xcdatamodel;
		};
/* End XCVersionGroup section */
	};
	rootObject = 8CE4D8EC25DB46F1005BF8FA /* Project object */;
}
